// !$*UTF8*$!
{
	archiveVersion = 1;
	classes = {
	};
	objectVersion = 77;
	objects = {

/* Begin PBXBuildFile section */
		1F9DC9FD67CAEF6D4B42541A /* DiceView.mm in Sources */ = {isa = PBXBuildFile; fileRef = 8B81A6CEC38835655BB0FF66 /* DiceView.mm */; };
		2DFD267843027693041C9CA6 /* d8.png in Resources */ = {isa = PBXBuildFile; fileRef = 7A149457853A567146973162 /* d8.png */; };
		4669217E64921EA12ADD649E /* d16.png in Resources */ = {isa = PBXBuildFile; fileRef = E12276F1FCD470202FF5031C /* d16.png */; };
		4A0942BF478EC517F6BD27AC /* ContentView.swift in Sources */ = {isa = PBXBuildFile; fileRef = 2EFFB7B3DC86374786F23032 /* ContentView.swift */; };
		55F6A83D57E705E38FFB57EA /* d12.png in Resources */ = {isa = PBXBuildFile; fileRef = 1F1EAB8B6E265C8F3DBFE7A1 /* d12.png */; };
		5773A71F76C0F723491D72A5 /* Assets.xcassets in Resources */ = {isa = PBXBuildFile; fileRef = 47CE796755ABFCB559F9CB98 /* Assets.xcassets */; };
		8C72C3768B30EC9DF10809A2 /* d6.png in Resources */ = {isa = PBXBuildFile; fileRef = E8320C4B67FFD5B5C8469F5A /* d6.png */; };
		8D820CACE74FE415E714330F /* dice.filamat in Resources */ = {isa = PBXBuildFile; fileRef = 11929CD91EC296EFAB7CC470 /* dice.filamat */; };
		B1C0F6965E3E8046F80DA15D /* d20.png in Resources */ = {isa = PBXBuildFile; fileRef = 6D40B0D423291B727D4AE6E6 /* d20.png */; };
		CFC9EA5A6FB1AF8BA69C126A /* DiceRenderer.mm in Sources */ = {isa = PBXBuildFile; fileRef = 591F3AD230C0B95D04FD1FE3 /* DiceRenderer.mm */; };
		D55892ABB1071CED28173C8E /* DiceGameView.swift in Sources */ = {isa = PBXBuildFile; fileRef = 21C7704102DFB84E86EF0F90 /* DiceGameView.swift */; };
		D6B06F2871B917DF1A226706 /* d10.png in Resources */ = {isa = PBXBuildFile; fileRef = 4D882CDE4CAE076720021B43 /* d10.png */; };
		DF2068795907692352637CBD /* DiceDemoApp.swift in Sources */ = {isa = PBXBuildFile; fileRef = 1EFF319545152926F7CA74F6 /* DiceDemoApp.swift */; };
		EDD70930C80551864F3AD825 /* d4.png in Resources */ = {isa = PBXBuildFile; fileRef = 3ED30DDDB98A77703DE8A414 /* d4.png */; };
		FD242DF2C98A3D18D8F13E80 /* d32.png in Resources */ = {isa = PBXBuildFile; fileRef = D667D21ABC77FD3F3F860936 /* d32.png */; };
/* End PBXBuildFile section */

/* Begin PBXFileReference section */
		0BE845013719DF836FF31774 /* DiceRenderer.h */ = {isa = PBXFileReference; lastKnownFileType = sourcecode.c.h; path = DiceRenderer.h; sourceTree = "<group>"; };
		11929CD91EC296EFAB7CC470 /* dice.filamat */ = {isa = PBXFileReference; name = dice.filamat; path = ../../core/assets/dice.filamat; sourceTree = "<group>"; };
		1EFF319545152926F7CA74F6 /* DiceDemoApp.swift */ = {isa = PBXFileReference; lastKnownFileType = sourcecode.swift; path = DiceDemoApp.swift; sourceTree = "<group>"; };
		1F1EAB8B6E265C8F3DBFE7A1 /* d12.png */ = {isa = PBXFileReference; lastKnownFileType = image.png; path = d12.png; sourceTree = "<group>"; };
		21C7704102DFB84E86EF0F90 /* DiceGameView.swift */ = {isa = PBXFileReference; lastKnownFileType = sourcecode.swift; path = DiceGameView.swift; sourceTree = "<group>"; };
		2EFFB7B3DC86374786F23032 /* ContentView.swift */ = {isa = PBXFileReference; lastKnownFileType = sourcecode.swift; path = ContentView.swift; sourceTree = "<group>"; };
		3ED30DDDB98A77703DE8A414 /* d4.png */ = {isa = PBXFileReference; lastKnownFileType = image.png; path = d4.png; sourceTree = "<group>"; };
		47CE796755ABFCB559F9CB98 /* Assets.xcassets */ = {isa = PBXFileReference; lastKnownFileType = folder.assetcatalog; path = Assets.xcassets; sourceTree = "<group>"; };
		4D882CDE4CAE076720021B43 /* d10.png */ = {isa = PBXFileReference; lastKnownFileType = image.png; path = d10.png; sourceTree = "<group>"; };
		572EDD0C3B537F6F3ED42DE6 /* DiceDemo.app */ = {isa = PBXFileReference; includeInIndex = 0; lastKnownFileType = wrapper.application; path = DiceDemo.app; sourceTree = BUILT_PRODUCTS_DIR; };
		591F3AD230C0B95D04FD1FE3 /* DiceRenderer.mm */ = {isa = PBXFileReference; lastKnownFileType = sourcecode.cpp.objcpp; path = DiceRenderer.mm; sourceTree = "<group>"; };
		5BB09385320240B9B2D6A6EA /* DiceDemo-Bridging-Header.h */ = {isa = PBXFileReference; lastKnownFileType = sourcecode.c.h; path = "DiceDemo-Bridging-Header.h"; sourceTree = "<group>"; };
		6D40B0D423291B727D4AE6E6 /* d20.png */ = {isa = PBXFileReference; lastKnownFileType = image.png; path = d20.png; sourceTree = "<group>"; };
		7A149457853A567146973162 /* d8.png */ = {isa = PBXFileReference; lastKnownFileType = image.png; path = d8.png; sourceTree = "<group>"; };
		8B81A6CEC38835655BB0FF66 /* DiceView.mm */ = {isa = PBXFileReference; lastKnownFileType = sourcecode.cpp.objcpp; path = DiceView.mm; sourceTree = "<group>"; };
		B604DB5269C9D4E2D3753D94 /* DiceView.h */ = {isa = PBXFileReference; lastKnownFileType = sourcecode.c.h; path = DiceView.h; sourceTree = "<group>"; };
		D667D21ABC77FD3F3F860936 /* d32.png */ = {isa = PBXFileReference; lastKnownFileType = image.png; path = d32.png; sourceTree = "<group>"; };
		E12276F1FCD470202FF5031C /* d16.png */ = {isa = PBXFileReference; lastKnownFileType = image.png; path = d16.png; sourceTree = "<group>"; };
		E8320C4B67FFD5B5C8469F5A /* d6.png */ = {isa = PBXFileReference; lastKnownFileType = image.png; path = d6.png; sourceTree = "<group>"; };
/* End PBXFileReference section */

/* Begin PBXGroup section */
		0FA89DEE58FF84FF0BD2A66A = {
			isa = PBXGroup;
			children = (
				45B08CB3C11D674BEEFA4BD2 /* dice */,
				BD9EB0DC0C7F11E699F6C697 /* DiceDemo */,
				4C728BDDA575911C85719E75 /* Platform */,
				C56BF75BDA4C43515F9F17E0 /* Resources */,
				2665065A23839AD7F25459E4 /* Products */,
			);
			sourceTree = "<group>";
		};
		1A661AC3BAB935DB89FC9E66 /* ios */ = {
			isa = PBXGroup;
			children = (
				0BE845013719DF836FF31774 /* DiceRenderer.h */,
				591F3AD230C0B95D04FD1FE3 /* DiceRenderer.mm */,
				B604DB5269C9D4E2D3753D94 /* DiceView.h */,
				8B81A6CEC38835655BB0FF66 /* DiceView.mm */,
			);
			name = ios;
			path = ../../platform/ios;
			sourceTree = "<group>";
		};
		2665065A23839AD7F25459E4 /* Products */ = {
			isa = PBXGroup;
			children = (
				572EDD0C3B537F6F3ED42DE6 /* DiceDemo.app */,
			);
			name = Products;
			sourceTree = "<group>";
		};
		2A9BCAD16911D36AD2024D2A /* core */ = {
			isa = PBXGroup;
			children = (
				FE0099FA3DAD5201BB82CA7E /* assets */,
			);
			path = core;
			sourceTree = "<group>";
		};
		35A1250A9A7B7DE62EE2F80A /* atlas */ = {
			isa = PBXGroup;
			children = (
				3ED30DDDB98A77703DE8A414 /* d4.png */,
				E8320C4B67FFD5B5C8469F5A /* d6.png */,
				7A149457853A567146973162 /* d8.png */,
				4D882CDE4CAE076720021B43 /* d10.png */,
				1F1EAB8B6E265C8F3DBFE7A1 /* d12.png */,
				E12276F1FCD470202FF5031C /* d16.png */,
				6D40B0D423291B727D4AE6E6 /* d20.png */,
				D667D21ABC77FD3F3F860936 /* d32.png */,
			);
			name = atlas;
			path = ../../core/assets/atlas;
			sourceTree = "<group>";
		};
		45B08CB3C11D674BEEFA4BD2 /* dice */ = {
			isa = PBXGroup;
			children = (
				2A9BCAD16911D36AD2024D2A /* core */,
				6EFBC78C7CB5F613626CF521 /* platform */,
			);
			name = dice;
			path = ../..;
			sourceTree = "<group>";
		};
		4C728BDDA575911C85719E75 /* Platform */ = {
			isa = PBXGroup;
			children = (
				B4A0C9B0500FC057C9B5F7F9 /* iOS */,
			);
			name = Platform;
			sourceTree = "<group>";
		};
		6EFBC78C7CB5F613626CF521 /* platform */ = {
			isa = PBXGroup;
			children = (
				1A661AC3BAB935DB89FC9E66 /* ios */,
			);
			path = platform;
			sourceTree = "<group>";
		};
		B4A0C9B0500FC057C9B5F7F9 /* iOS */ = {
			isa = PBXGroup;
			children = (
				1A661AC3BAB935DB89FC9E66 /* ios */,
			);
			name = iOS;
			sourceTree = "<group>";
		};
		BD9EB0DC0C7F11E699F6C697 /* DiceDemo */ = {
			isa = PBXGroup;
			children = (
				47CE796755ABFCB559F9CB98 /* Assets.xcassets */,
				2EFFB7B3DC86374786F23032 /* ContentView.swift */,
				5BB09385320240B9B2D6A6EA /* DiceDemo-Bridging-Header.h */,
				1EFF319545152926F7CA74F6 /* DiceDemoApp.swift */,
				21C7704102DFB84E86EF0F90 /* DiceGameView.swift */,
			);
			path = DiceDemo;
			sourceTree = "<group>";
		};
		C56BF75BDA4C43515F9F17E0 /* Resources */ = {
			isa = PBXGroup;
			children = (
				11929CD91EC296EFAB7CC470 /* dice.filamat */,
				35A1250A9A7B7DE62EE2F80A /* atlas */,
			);
			name = Resources;
			sourceTree = "<group>";
		};
		FE0099FA3DAD5201BB82CA7E /* assets */ = {
			isa = PBXGroup;
			children = (
				35A1250A9A7B7DE62EE2F80A /* atlas */,
			);
			path = assets;
			sourceTree = "<group>";
		};
/* End PBXGroup section */

/* Begin PBXNativeTarget section */
		756A998FFC84F60EBD441D93 /* DiceDemo */ = {
			isa = PBXNativeTarget;
			buildConfigurationList = FFAAC4E7EBA14D4DC0AE4C89 /* Build configuration list for PBXNativeTarget "DiceDemo" */;
			buildPhases = (
				615F75A62D01D8556D393735 /* Sources */,
				B213E557C3E2BB3A02040CCA /* Resources */,
			);
			buildRules = (
			);
			dependencies = (
			);
			name = DiceDemo;
			packageProductDependencies = (
			);
			productName = DiceDemo;
			productReference = 572EDD0C3B537F6F3ED42DE6 /* DiceDemo.app */;
			productType = "com.apple.product-type.application";
		};
/* End PBXNativeTarget section */

/* Begin PBXProject section */
		43F13EE7A9BF1CCF79E8F76C /* Project object */ = {
			isa = PBXProject;
			attributes = {
				BuildIndependentTargetsInParallel = YES;
				LastUpgradeCheck = 1500;
				TargetAttributes = {
					756A998FFC84F60EBD441D93 = {
						DevelopmentTeam = 59S95D279D;
						ProvisioningStyle = Automatic;
					};
				};
			};
			buildConfigurationList = 10CE4326479C96FC891E907F /* Build configuration list for PBXProject "DiceDemo" */;
			developmentRegion = en;
			hasScannedForEncodings = 0;
			knownRegions = (
				Base,
				en,
			);
			mainGroup = 0FA89DEE58FF84FF0BD2A66A;
			minimizedProjectReferenceProxies = 1;
			preferredProjectObjectVersion = 77;
			productRefGroup = 2665065A23839AD7F25459E4 /* Products */;
			projectDirPath = "";
			projectRoot = "";
			targets = (
				756A998FFC84F60EBD441D93 /* DiceDemo */,
			);
		};
/* End PBXProject section */

/* Begin PBXResourcesBuildPhase section */
		B213E557C3E2BB3A02040CCA /* Resources */ = {
			isa = PBXResourcesBuildPhase;
			buildActionMask = 2147483647;
			files = (
				5773A71F76C0F723491D72A5 /* Assets.xcassets in Resources */,
				D6B06F2871B917DF1A226706 /* d10.png in Resources */,
				55F6A83D57E705E38FFB57EA /* d12.png in Resources */,
				4669217E64921EA12ADD649E /* d16.png in Resources */,
				B1C0F6965E3E8046F80DA15D /* d20.png in Resources */,
				FD242DF2C98A3D18D8F13E80 /* d32.png in Resources */,
				EDD70930C80551864F3AD825 /* d4.png in Resources */,
				8C72C3768B30EC9DF10809A2 /* d6.png in Resources */,
				2DFD267843027693041C9CA6 /* d8.png in Resources */,
				8D820CACE74FE415E714330F /* dice.filamat in Resources */,
			);
			runOnlyForDeploymentPostprocessing = 0;
		};
/* End PBXResourcesBuildPhase section */

/* Begin PBXSourcesBuildPhase section */
		615F75A62D01D8556D393735 /* Sources */ = {
			isa = PBXSourcesBuildPhase;
			buildActionMask = 2147483647;
			files = (
				4A0942BF478EC517F6BD27AC /* ContentView.swift in Sources */,
				DF2068795907692352637CBD /* DiceDemoApp.swift in Sources */,
				D55892ABB1071CED28173C8E /* DiceGameView.swift in Sources */,
				CFC9EA5A6FB1AF8BA69C126A /* DiceRenderer.mm in Sources */,
				1F9DC9FD67CAEF6D4B42541A /* DiceView.mm in Sources */,
			);
			runOnlyForDeploymentPostprocessing = 0;
		};
/* End PBXSourcesBuildPhase section */

/* Begin XCBuildConfiguration section */
		137CEC5E047C5053D555E6EA /* Release */ = {
			isa = XCBuildConfiguration;
			buildSettings = {
				ALWAYS_SEARCH_USER_PATHS = NO;
				CLANG_ANALYZER_NONNULL = YES;
				CLANG_ANALYZER_NUMBER_OBJECT_CONVERSION = YES_AGGRESSIVE;
				CLANG_CXX_LANGUAGE_STANDARD = "gnu++14";
				CLANG_CXX_LIBRARY = "libc++";
				CLANG_ENABLE_MODULES = YES;
				CLANG_ENABLE_OBJC_ARC = YES;
				CLANG_ENABLE_OBJC_WEAK = YES;
				CLANG_WARN_BLOCK_CAPTURE_AUTORELEASING = YES;
				CLANG_WARN_BOOL_CONVERSION = YES;
				CLANG_WARN_COMMA = YES;
				CLANG_WARN_CONSTANT_CONVERSION = YES;
				CLANG_WARN_DEPRECATED_OBJC_IMPLEMENTATIONS = YES;
				CLANG_WARN_DIRECT_OBJC_ISA_USAGE = YES_ERROR;
				CLANG_WARN_DOCUMENTATION_COMMENTS = YES;
				CLANG_WARN_EMPTY_BODY = YES;
				CLANG_WARN_ENUM_CONVERSION = YES;
				CLANG_WARN_INFINITE_RECURSION = YES;
				CLANG_WARN_INT_CONVERSION = YES;
				CLANG_WARN_NON_LITERAL_NULL_CONVERSION = YES;
				CLANG_WARN_OBJC_IMPLICIT_RETAIN_SELF = YES;
				CLANG_WARN_OBJC_LITERAL_CONVERSION = YES;
				CLANG_WARN_OBJC_ROOT_CLASS = YES_ERROR;
				CLANG_WARN_QUOTED_INCLUDE_IN_FRAMEWORK_HEADER = YES;
				CLANG_WARN_RANGE_LOOP_ANALYSIS = YES;
				CLANG_WARN_STRICT_PROTOTYPES = YES;
				CLANG_WARN_SUSPICIOUS_MOVE = YES;
				CLANG_WARN_UNGUARDED_AVAILABILITY = YES_AGGRESSIVE;
				CLANG_WARN_UNREACHABLE_CODE = YES;
				CLANG_WARN__DUPLICATE_METHOD_MATCH = YES;
				COPY_PHASE_STRIP = NO;
				DEBUG_INFORMATION_FORMAT = "dwarf-with-dsym";
				ENABLE_NS_ASSERTIONS = NO;
				ENABLE_STRICT_OBJC_MSGSEND = YES;
				GCC_C_LANGUAGE_STANDARD = gnu11;
				GCC_NO_COMMON_BLOCKS = YES;
				GCC_WARN_64_TO_32_BIT_CONVERSION = YES;
				GCC_WARN_ABOUT_RETURN_TYPE = YES_ERROR;
				GCC_WARN_UNDECLARED_SELECTOR = YES;
				GCC_WARN_UNINITIALIZED_AUTOS = YES_AGGRESSIVE;
				GCC_WARN_UNUSED_FUNCTION = YES;
				GCC_WARN_UNUSED_VARIABLE = YES;
				IPHONEOS_DEPLOYMENT_TARGET = 16.0;
				MTL_ENABLE_DEBUG_INFO = NO;
				MTL_FAST_MATH = YES;
				PRODUCT_NAME = "$(TARGET_NAME)";
				SDKROOT = iphoneos;
				SWIFT_COMPILATION_MODE = wholemodule;
				SWIFT_OPTIMIZATION_LEVEL = "-O";
				SWIFT_VERSION = 5.0;
			};
			name = Release;
		};
		BE498FE385A4DDF5C8738141 /* Release */ = {
			isa = XCBuildConfiguration;
			buildSettings = {
				ASSETCATALOG_COMPILER_APPICON_NAME = AppIcon;
				CLANG_ENABLE_MODULES = YES;
				CODE_SIGN_IDENTITY = "iPhone Developer";
				CODE_SIGN_STYLE = Automatic;
				CURRENT_PROJECT_VERSION = 2;
				DEVELOPMENT_TEAM = 59S95D279D;
				ENABLE_BITCODE = NO;
				FRAMEWORK_SEARCH_PATHS = (
				);
				GCC_ENABLE_OBJC_EXCEPTIONS = YES;
				GENERATE_INFOPLIST_FILE = YES;
				HEADER_SEARCH_PATHS = (
					"$(PROJECT_DIR)/../../core/include",
					"$(PROJECT_DIR)/../../platform/ios",
					"/tmp/filament-ios/filament/include",
				);
				INFOPLIST_KEY_UIApplicationSceneManifest_Generation = YES;
				INFOPLIST_KEY_UILaunchScreen_Generation = YES;
				INFOPLIST_KEY_UISupportedInterfaceOrientations_iPhone = UIInterfaceOrientationPortrait;
				LD_RUNPATH_SEARCH_PATHS = (
					"$(inherited)",
					"@executable_path/Frameworks",
				);
				LIBRARY_SEARCH_PATHS = (
					"$(PROJECT_DIR)/../../build-ios-device/core",
					"/tmp/filament-ios/filament/lib/universal",
				);
				"LIBRARY_SEARCH_PATHS[sdk=iphoneos*]" = (
					"$(PROJECT_DIR)/../../build-ios-device/core/core/Release-iphoneos",
					"/tmp/filament-ios/filament/lib/universal",
				);
				"LIBRARY_SEARCH_PATHS[sdk=iphonesimulator*]" = (
					"$(PROJECT_DIR)/../../build-ios-sim-arm64/core/core/Release-iphonesimulator",
					"/tmp/filament-ios-sim",
				);
				MARKETING_VERSION = 0.2.1;
				OTHER_LDFLAGS = (
					"-ldice3d",
					"-lfilament",
					"-lbackend",
					"-lfilabridge",
					"-lfilaflat",
					"-lshaders",
					"-lutils",
					"-lsmol-v",
					"-labseil",
					"-lzstd",
					"-luberzlib",
					"-lc++",
				);
				PRODUCT_BUNDLE_IDENTIFIER = com.kilomayo.dicedemo;
				SDKROOT = iphoneos;
				SWIFT_OBJC_BRIDGING_HEADER = "DiceDemo/DiceDemo-Bridging-Header.h";
				TARGETED_DEVICE_FAMILY = "1,2";
			};
			name = Release;
		};
		C6A3F58BADD23FCB7EFD97EF /* Debug */ = {
			isa = XCBuildConfiguration;
			buildSettings = {
				ASSETCATALOG_COMPILER_APPICON_NAME = AppIcon;
				CLANG_ENABLE_MODULES = YES;
				CODE_SIGN_IDENTITY = "iPhone Developer";
				CODE_SIGN_STYLE = Automatic;
				CURRENT_PROJECT_VERSION = 2;
				DEVELOPMENT_TEAM = 59S95D279D;
				ENABLE_BITCODE = NO;
				FRAMEWORK_SEARCH_PATHS = (
				);
				GCC_ENABLE_OBJC_EXCEPTIONS = YES;
				GENERATE_INFOPLIST_FILE = YES;
				HEADER_SEARCH_PATHS = (
					"$(PROJECT_DIR)/../../core/include",
					"$(PROJECT_DIR)/../../platform/ios",
					"/tmp/filament-ios/filament/include",
				);
				INFOPLIST_KEY_UIApplicationSceneManifest_Generation = YES;
				INFOPLIST_KEY_UILaunchScreen_Generation = YES;
				INFOPLIST_KEY_UISupportedInterfaceOrientations_iPhone = UIInterfaceOrientationPortrait;
				LD_RUNPATH_SEARCH_PATHS = (
					"$(inherited)",
					"@executable_path/Frameworks",
				);
				LIBRARY_SEARCH_PATHS = (
					"$(PROJECT_DIR)/../../build-ios-device/core",
					"/tmp/filament-ios/filament/lib/universal",
				);
				"LIBRARY_SEARCH_PATHS[sdk=iphoneos*]" = (
					"$(PROJECT_DIR)/../../build-ios-device/core/core/Debug-iphoneos",
					"/tmp/filament-ios/filament/lib/universal",
				);
				"LIBRARY_SEARCH_PATHS[sdk=iphonesimulator*]" = (
					"$(PROJECT_DIR)/../../build-ios-sim-arm64/core/core/Debug-iphonesimulator",
					"/tmp/filament-ios-sim",
				);
				MARKETING_VERSION = 0.2.1;
				OTHER_LDFLAGS = (
					"-ldice3d",
					"-lfilament",
					"-lbackend",
					"-lfilabridge",
					"-lfilaflat",
					"-lshaders",
					"-lutils",
					"-lsmol-v",
					"-labseil",
					"-lzstd",
					"-luberzlib",
					"-lc++",
				);
				PRODUCT_BUNDLE_IDENTIFIER = com.kilomayo.dicedemo;
				SDKROOT = iphoneos;
				SWIFT_OBJC_BRIDGING_HEADER = "DiceDemo/DiceDemo-Bridging-Header.h";
				TARGETED_DEVICE_FAMILY = "1,2";
			};
			name = Debug;
		};
		C7D9C1DB987E399EF20909EF /* Debug */ = {
			isa = XCBuildConfiguration;
			buildSettings = {
				ALWAYS_SEARCH_USER_PATHS = NO;
				CLANG_ANALYZER_NONNULL = YES;
				CLANG_ANALYZER_NUMBER_OBJECT_CONVERSION = YES_AGGRESSIVE;
				CLANG_CXX_LANGUAGE_STANDARD = "gnu++14";
				CLANG_CXX_LIBRARY = "libc++";
				CLANG_ENABLE_MODULES = YES;
				CLANG_ENABLE_OBJC_ARC = YES;
				CLANG_ENABLE_OBJC_WEAK = YES;
				CLANG_WARN_BLOCK_CAPTURE_AUTORELEASING = YES;
				CLANG_WARN_BOOL_CONVERSION = YES;
				CLANG_WARN_COMMA = YES;
				CLANG_WARN_CONSTANT_CONVERSION = YES;
				CLANG_WARN_DEPRECATED_OBJC_IMPLEMENTATIONS = YES;
				CLANG_WARN_DIRECT_OBJC_ISA_USAGE = YES_ERROR;
				CLANG_WARN_DOCUMENTATION_COMMENTS = YES;
				CLANG_WARN_EMPTY_BODY = YES;
				CLANG_WARN_ENUM_CONVERSION = YES;
				CLANG_WARN_INFINITE_RECURSION = YES;
				CLANG_WARN_INT_CONVERSION = YES;
				CLANG_WARN_NON_LITERAL_NULL_CONVERSION = YES;
				CLANG_WARN_OBJC_IMPLICIT_RETAIN_SELF = YES;
				CLANG_WARN_OBJC_LITERAL_CONVERSION = YES;
				CLANG_WARN_OBJC_ROOT_CLASS = YES_ERROR;
				CLANG_WARN_QUOTED_INCLUDE_IN_FRAMEWORK_HEADER = YES;
				CLANG_WARN_RANGE_LOOP_ANALYSIS = YES;
				CLANG_WARN_STRICT_PROTOTYPES = YES;
				CLANG_WARN_SUSPICIOUS_MOVE = YES;
				CLANG_WARN_UNGUARDED_AVAILABILITY = YES_AGGRESSIVE;
				CLANG_WARN_UNREACHABLE_CODE = YES;
				CLANG_WARN__DUPLICATE_METHOD_MATCH = YES;
				COPY_PHASE_STRIP = NO;
				DEBUG_INFORMATION_FORMAT = dwarf;
				ENABLE_STRICT_OBJC_MSGSEND = YES;
				ENABLE_TESTABILITY = YES;
				GCC_C_LANGUAGE_STANDARD = gnu11;
				GCC_DYNAMIC_NO_PIC = NO;
				GCC_NO_COMMON_BLOCKS = YES;
				GCC_OPTIMIZATION_LEVEL = 0;
				GCC_PREPROCESSOR_DEFINITIONS = (
					"$(inherited)",
					"DEBUG=1",
				);
				GCC_WARN_64_TO_32_BIT_CONVERSION = YES;
				GCC_WARN_ABOUT_RETURN_TYPE = YES_ERROR;
				GCC_WARN_UNDECLARED_SELECTOR = YES;
				GCC_WARN_UNINITIALIZED_AUTOS = YES_AGGRESSIVE;
				GCC_WARN_UNUSED_FUNCTION = YES;
				GCC_WARN_UNUSED_VARIABLE = YES;
				IPHONEOS_DEPLOYMENT_TARGET = 16.0;
				MTL_ENABLE_DEBUG_INFO = INCLUDE_SOURCE;
				MTL_FAST_MATH = YES;
				ONLY_ACTIVE_ARCH = YES;
				PRODUCT_NAME = "$(TARGET_NAME)";
				SDKROOT = iphoneos;
				SWIFT_ACTIVE_COMPILATION_CONDITIONS = DEBUG;
				SWIFT_OPTIMIZATION_LEVEL = "-Onone";
				SWIFT_VERSION = 5.0;
			};
			name = Debug;
		};
/* End XCBuildConfiguration section */

/* Begin XCConfigurationList section */
		10CE4326479C96FC891E907F /* Build configuration list for PBXProject "DiceDemo" */ = {
			isa = XCConfigurationList;
			buildConfigurations = (
				C7D9C1DB987E399EF20909EF /* Debug */,
				137CEC5E047C5053D555E6EA /* Release */,
			);
			defaultConfigurationIsVisible = 0;
			defaultConfigurationName = Debug;
		};
		FFAAC4E7EBA14D4DC0AE4C89 /* Build configuration list for PBXNativeTarget "DiceDemo" */ = {
			isa = XCConfigurationList;
			buildConfigurations = (
				C6A3F58BADD23FCB7EFD97EF /* Debug */,
				BE498FE385A4DDF5C8738141 /* Release */,
			);
			defaultConfigurationIsVisible = 0;
			defaultConfigurationName = Debug;
		};
/* End XCConfigurationList section */
	};
	rootObject = 43F13EE7A9BF1CCF79E8F76C /* Project object */;
}
